# THIS IS AN AUTOGENERATED FILE. DO NOT EDIT THIS FILE DIRECTLY.
# yarn lockfile v1


"@babel/runtime@^7.20.13":
  version "7.21.0"
  resolved "https://registry.npmjs.org/@babel/runtime/-/runtime-7.21.0.tgz"
  integrity sha512-xwII0//EObnq89Ji5AKYQaRYiW/nZ3llSv29d49IuxPhKbtJoLP+9QUUZ4nVragQVtaVGeZrpB+ZtG/Pdy/POw==
  dependencies:
    regenerator-runtime "^0.13.11"

"@next/env@13.2.4":
  version "13.2.4"
  resolved "https://registry.npmjs.org/@next/env/-/env-13.2.4.tgz"
  integrity sha512-+Mq3TtpkeeKFZanPturjcXt+KHfKYnLlX6jMLyCrmpq6OOs4i1GqBOAauSkii9QeKCMTYzGppar21JU57b/GEA==

"@next/swc-win32-x64-msvc@13.2.4":
  version "13.2.4"
  resolved "https://registry.npmjs.org/@next/swc-win32-x64-msvc/-/swc-win32-x64-msvc-13.2.4.tgz"
  integrity sha512-0MffFmyv7tBLlji01qc0IaPP/LVExzvj7/R5x1Jph1bTAIj4Vu81yFQWHHQAP6r4ff9Ukj1mBK6MDNVXm7Tcvw==

"@panva/hkdf@^1.0.2":
  version "1.0.4"
  resolved "https://registry.npmjs.org/@panva/hkdf/-/hkdf-1.0.4.tgz"
  integrity sha512-003xWiCuvePbLaPHT+CRuaV4GlyCAVm6XYSbBZDHoWZGn1mNkVKFaDbGJjjxmEFvizUwlCoM6O18FCBMMky2zQ==

"@swc/helpers@0.4.14":
  version "0.4.14"
  resolved "https://registry.npmjs.org/@swc/helpers/-/helpers-0.4.14.tgz"
  integrity sha512-4C7nX/dvpzB7za4Ql9K81xK3HPxCpHMgwTZVyf+9JQ6VUbn9jjZVN7/Nkdz/Ugzs2CSjqnL/UPXroiVBVHUWUw==
  dependencies:
    tslib "^2.4.0"

caniuse-lite@^1.0.30001406:
  version "1.0.30001469"
  resolved "https://registry.npmjs.org/caniuse-lite/-/caniuse-lite-1.0.30001469.tgz"
  integrity sha512-Rcp7221ScNqQPP3W+lVOYDyjdR6dC+neEQCttoNr5bAyz54AboB4iwpnWgyi8P4YUsPybVzT4LgWiBbI3drL4g==

client-only@0.0.1:
  version "0.0.1"
  resolved "https://registry.npmjs.org/client-only/-/client-only-0.0.1.tgz"
  integrity sha512-IV3Ou0jSMzZrd3pZ48nLkT9DA7Ag1pnPzaiQhpW7c3RbcqqzvzzVu+L8gfqMp/8IM2MQtSiqaCxrrcfu8I8rMA==

cookie@^0.5.0:
  version "0.5.0"
  resolved "https://registry.npmjs.org/cookie/-/cookie-0.5.0.tgz"
  integrity sha512-YZ3GUyn/o8gfKJlnlX7g7xq4gyO6OSuhGPKaaGssGB2qgDUS0gPgtTvoyZLTt9Ab6dC4hfc9dV5arkvc/OCmrw==

jose@^4.10.0, jose@^4.11.4:
  version "4.13.1"
  resolved "https://registry.npmjs.org/jose/-/jose-4.13.1.tgz"
  integrity sha512-MSJQC5vXco5Br38mzaQKiq9mwt7lwj2eXpgpRyQYNHYt2lq1PjkWa7DLXX0WVcQLE9HhMh3jPiufS7fhJf+CLQ==

"js-tokens@^3.0.0 || ^4.0.0":
  version "4.0.0"
  resolved "https://registry.npmjs.org/js-tokens/-/js-tokens-4.0.0.tgz"
  integrity sha512-RdJUflcE3cUzKiMqQgsCu06FPu9UdIJO0beYbPhHN4k6apgJtifcoCtT9bcxOpYBtpD2kCM6Sbzg4CausW/PKQ==

loose-envify@^1.1.0:
  version "1.4.0"
  resolved "https://registry.npmjs.org/loose-envify/-/loose-envify-1.4.0.tgz"
  integrity sha512-lyuxPGr/Wfhrlem2CL/UcnUc1zcqKAImBDzukY7Y5F/yQiNdko6+fRLevlw1HgMySw7f611UIY408EtxRSoK3Q==
  dependencies:
    js-tokens "^3.0.0 || ^4.0.0"

lru-cache@^6.0.0:
  version "6.0.0"
  resolved "https://registry.npmjs.org/lru-cache/-/lru-cache-6.0.0.tgz"
  integrity sha512-Jo6dJ04CmSjuznwJSS3pUeWmd/H0ffTlkXXgwZi+eq1UCmqQwCh+eLsYOYCwY991i2Fah4h1BEMCx4qThGbsiA==
  dependencies:
    yallist "^4.0.0"

nanoid@^3.3.4:
  version "3.3.4"
  resolved "https://registry.npmjs.org/nanoid/-/nanoid-3.3.4.tgz"
  integrity sha512-MqBkQh/OHTS2egovRtLk45wEyNXwF+cokD+1YPf9u5VfJiRdAiRwB2froX5Co9Rh20xs4siNPm8naNotSD6RBw==

next-auth@^4.20.1:
  version "4.20.1"
  resolved "https://registry.npmjs.org/next-auth/-/next-auth-4.20.1.tgz"
  integrity sha512-ZcTUN4qzzZ/zJYgOW0hMXccpheWtAol8QOMdMts+LYRcsPGsqf2hEityyaKyECQVw1cWInb9dF3wYwI5GZdEmQ==
  dependencies:
    "@babel/runtime" "^7.20.13"
    "@panva/hkdf" "^1.0.2"
    cookie "^0.5.0"
    jose "^4.11.4"
    oauth "^0.9.15"
    openid-client "^5.4.0"
    preact "^10.6.3"
    preact-render-to-string "^5.1.19"
    uuid "^8.3.2"

"next@^12.2.5 || ^13", next@13.2.4:
  version "13.2.4"
  resolved "https://registry.npmjs.org/next/-/next-13.2.4.tgz"
  integrity sha512-g1I30317cThkEpvzfXujf0O4wtaQHtDCLhlivwlTJ885Ld+eOgcz7r3TGQzeU+cSRoNHtD8tsJgzxVdYojFssw==
  dependencies:
    "@next/env" "13.2.4"
    "@swc/helpers" "0.4.14"
    caniuse-lite "^1.0.30001406"
    postcss "8.4.14"
    styled-jsx "5.1.1"
  optionalDependencies:
    "@next/swc-android-arm-eabi" "13.2.4"
    "@next/swc-android-arm64" "13.2.4"
    "@next/swc-darwin-arm64" "13.2.4"
    "@next/swc-darwin-x64" "13.2.4"
    "@next/swc-freebsd-x64" "13.2.4"
    "@next/swc-linux-arm-gnueabihf" "13.2.4"
    "@next/swc-linux-arm64-gnu" "13.2.4"
    "@next/swc-linux-arm64-musl" "13.2.4"
    "@next/swc-linux-x64-gnu" "13.2.4"
    "@next/swc-linux-x64-musl" "13.2.4"
    "@next/swc-win32-arm64-msvc" "13.2.4"
    "@next/swc-win32-ia32-msvc" "13.2.4"
    "@next/swc-win32-x64-msvc" "13.2.4"

oauth@^0.9.15:
  version "0.9.15"
  resolved "https://registry.npmjs.org/oauth/-/oauth-0.9.15.tgz"
  integrity sha512-a5ERWK1kh38ExDEfoO6qUHJb32rd7aYmPHuyCu3Fta/cnICvYmgd2uhuKXvPD+PXB+gCEYYEaQdIRAjCOwAKNA==

object-hash@^2.0.1:
  version "2.2.0"
  resolved "https://registry.npmjs.org/object-hash/-/object-hash-2.2.0.tgz"
  integrity sha512-gScRMn0bS5fH+IuwyIFgnh9zBdo4DV+6GhygmWM9HyNJSgS0hScp1f5vjtm7oIIOiT9trXrShAkLFSc2IqKNgw==

oidc-token-hash@^5.0.1:
  version "5.0.1"
  resolved "https://registry.npmjs.org/oidc-token-hash/-/oidc-token-hash-5.0.1.tgz"
  integrity sha512-EvoOtz6FIEBzE+9q253HsLCVRiK/0doEJ2HCvvqMQb3dHZrP3WlJKYtJ55CRTw4jmYomzH4wkPuCj/I3ZvpKxQ==

openid-client@^5.4.0:
  version "5.4.0"
  resolved "https://registry.npmjs.org/openid-client/-/openid-client-5.4.0.tgz"
  integrity sha512-hgJa2aQKcM2hn3eyVtN12tEA45ECjTJPXCgUh5YzTzy9qwapCvmDTVPWOcWVL0d34zeQoQ/hbG9lJhl3AYxJlQ==
  dependencies:
    jose "^4.10.0"
    lru-cache "^6.0.0"
    object-hash "^2.0.1"
    oidc-token-hash "^5.0.1"

picocolors@^1.0.0:
  version "1.0.0"
  resolved "https://registry.npmjs.org/picocolors/-/picocolors-1.0.0.tgz"
  integrity sha512-1fygroTLlHu66zi26VoTDv8yRgm0Fccecssto+MhsZ0D/DGW2sm8E8AjW7NU5VVTRt5GxbeZ5qBuJr+HyLYkjQ==

postcss@8.4.14:
  version "8.4.14"
  resolved "https://registry.npmjs.org/postcss/-/postcss-8.4.14.tgz"
  integrity sha512-E398TUmfAYFPBSdzgeieK2Y1+1cpdxJx8yXbK/m57nRhKSmk1GB2tO4lbLBtlkfPQTDKfe4Xqv1ASWPpayPEig==
  dependencies:
    nanoid "^3.3.4"
    picocolors "^1.0.0"
    source-map-js "^1.0.2"

preact-render-to-string@^5.1.19:
  version "5.2.6"
  resolved "https://registry.npmjs.org/preact-render-to-string/-/preact-render-to-string-5.2.6.tgz"
  integrity sha512-JyhErpYOvBV1hEPwIxc/fHWXPfnEGdRKxc8gFdAZ7XV4tlzyzG847XAyEZqoDnynP88akM4eaHcSOzNcLWFguw==
  dependencies:
    pretty-format "^3.8.0"

preact@^10.6.3, preact@>=10:
  version "10.13.1"
  resolved "https://registry.npmjs.org/preact/-/preact-10.13.1.tgz"
  integrity sha512-KyoXVDU5OqTpG9LXlB3+y639JAGzl8JSBXLn1J9HTSB3gbKcuInga7bZnXLlxmK94ntTs1EFeZp0lrja2AuBYQ==

pretty-format@^3.8.0:
  version "3.8.0"
  resolved "https://registry.npmjs.org/pretty-format/-/pretty-format-3.8.0.tgz"
  integrity sha512-WuxUnVtlWL1OfZFQFuqvnvs6MiAGk9UNsBostyBOB0Is9wb5uRESevA6rnl/rkksXaGX3GzZhPup5d6Vp1nFew==

"react-dom@^17.0.2 || ^18", react-dom@^18.2.0, react-dom@18.2.0:
  version "18.2.0"
  resolved "https://registry.npmjs.org/react-dom/-/react-dom-18.2.0.tgz"
  integrity sha512-6IMTriUmvsjHUjNtEDudZfuDQUoWXVxKHhlEGSk81n4YFS+r/Kl99wXiwlVXtPBtJenozv2P+hxDsw9eA7Xo6g==
  dependencies:
    loose-envify "^1.1.0"
    scheduler "^0.23.0"

"react@^17.0.2 || ^18", react@^18.2.0, "react@>= 16.8.0 || 17.x.x || ^18.0.0-0", react@18.2.0:
  version "18.2.0"
  resolved "https://registry.npmjs.org/react/-/react-18.2.0.tgz"
  integrity sha512-/3IjMdb2L9QbBdWiW5e3P2/npwMBaU9mHCSCUzNln0ZCYbcfTsGbTJrU/kGemdH2IWmB2ioZ+zkxtmq6g09fGQ==
  dependencies:
    loose-envify "^1.1.0"

regenerator-runtime@^0.13.11:
  version "0.13.11"
  resolved "https://registry.npmjs.org/regenerator-runtime/-/regenerator-runtime-0.13.11.tgz"
  integrity sha512-kY1AZVr2Ra+t+piVaJ4gxaFaReZVH40AKNo7UCX6W+dEwBo/2oZJzqfuN1qLq1oL45o56cPaTXELwrTh8Fpggg==

scheduler@^0.23.0:
  version "0.23.0"
  resolved "https://registry.npmjs.org/scheduler/-/scheduler-0.23.0.tgz"
  integrity sha512-CtuThmgHNg7zIZWAXi3AsyIzA3n4xx7aNyjwC2VJldO2LMVDhFK+63xGqq6CsJH4rTAt6/M+N4GhZiDYPx9eUw==
  dependencies:
    loose-envify "^1.1.0"

source-map-js@^1.0.2:
  version "1.0.2"
  resolved "https://registry.npmjs.org/source-map-js/-/source-map-js-1.0.2.tgz"
  integrity sha512-R0XvVJ9WusLiqTCEiGCmICCMplcCkIwwR11mOSD9CR5u+IXYdiseeEuXCVAjS54zqwkLcPNnmU4OeJ6tUrWhDw==

styled-jsx@5.1.1:
  version "5.1.1"
  resolved "https://registry.npmjs.org/styled-jsx/-/styled-jsx-5.1.1.tgz"
  integrity sha512-pW7uC1l4mBZ8ugbiZrcIsiIvVx1UmTfw7UkC3Um2tmfUq9Bhk8IiyEIPl6F8agHgjzku6j0xQEZbfA5uSgSaCw==
  dependencies:
    client-only "0.0.1"

tslib@^2.4.0:
  version "2.5.0"
  resolved "https://registry.npmjs.org/tslib/-/tslib-2.5.0.tgz"
  integrity sha512-336iVw3rtn2BUK7ORdIAHTyxHGRIHVReokCR3XjbckJMK7ms8FysBfhLR8IXnAgy7T0PTPNBWKiH514FOW/WSg==

uuid@^8.3.2:
  version "8.3.2"
  resolved "https://registry.npmjs.org/uuid/-/uuid-8.3.2.tgz"
  integrity sha512-+NYs2QeMWy+GWFOEm9xnn6HCDp0l7QBD7ml8zLUmJ+93Q5NF0NocErnwkTkXVFNiX3/fpC6afS8Dhb/gz7R7eg==

yallist@^4.0.0:
  version "4.0.0"
  resolved "https://registry.npmjs.org/yallist/-/yallist-4.0.0.tgz"
  integrity sha512-3wdGidZyq5PB084XLES5TpOSRA3wjXAlIWMhum2kRcv/41Sn2emQ0dycQW4uZXLejwKvg6EsvbdlVL+FYEct7A==
